// !$*UTF8*$!
{
	archiveVersion = 1;
	classes = {
	};
	objectVersion = 46;
	objects = {

/* Begin PBXBuildFile section */
		39DB632F1D6F925B007A4324 /* AppDelegate.swift in Sources */ = {isa = PBXBuildFile; fileRef = 39DB632E1D6F925B007A4324 /* AppDelegate.swift */; };
		39DB63311D6F925B007A4324 /* ViewController.swift in Sources */ = {isa = PBXBuildFile; fileRef = 39DB63301D6F925B007A4324 /* ViewController.swift */; };
		39DB63341D6F925B007A4324 /* Main.storyboard in Resources */ = {isa = PBXBuildFile; fileRef = 39DB63321D6F925B007A4324 /* Main.storyboard */; };
		39DB63361D6F925B007A4324 /* Assets.xcassets in Resources */ = {isa = PBXBuildFile; fileRef = 39DB63351D6F925B007A4324 /* Assets.xcassets */; };
		39DB63391D6F925B007A4324 /* LaunchScreen.storyboard in Resources */ = {isa = PBXBuildFile; fileRef = 39DB63371D6F925B007A4324 /* LaunchScreen.storyboard */; };
		39DB63441D6F925B007A4324 /* Pats_FirstTests.swift in Sources */ = {isa = PBXBuildFile; fileRef = 39DB63431D6F925B007A4324 /* Pats_FirstTests.swift */; };
		39DB634F1D6F925B007A4324 /* Pats_FirstUITests.swift in Sources */ = {isa = PBXBuildFile; fileRef = 39DB634E1D6F925B007A4324 /* Pats_FirstUITests.swift */; };
/* End PBXBuildFile section */

/* Begin PBXContainerItemProxy section */
		39DB63401D6F925B007A4324 /* PBXContainerItemProxy */ = {
			isa = PBXContainerItemProxy;
			containerPortal = 39DB63231D6F925B007A4324 /* Project object */;
			proxyType = 1;
			remoteGlobalIDString = 39DB632A1D6F925B007A4324;
			remoteInfo = "Pats First";
		};
		39DB634B1D6F925B007A4324 /* PBXContainerItemProxy */ = {
			isa = PBXContainerItemProxy;
			containerPortal = 39DB63231D6F925B007A4324 /* Project object */;
			proxyType = 1;
			remoteGlobalIDString = 39DB632A1D6F925B007A4324;
			remoteInfo = "Pats First";
		};
/* End PBXContainerItemProxy section */

/* Begin PBXFileReference section */
		39DB632B1D6F925B007A4324 /* Pats First.app */ = {isa = PBXFileReference; explicitFileType = wrapper.application; includeInIndex = 0; path = "Pats First.app"; sourceTree = BUILT_PRODUCTS_DIR; };
		39DB632E1D6F925B007A4324 /* AppDelegate.swift */ = {isa = PBXFileReference; lastKnownFileType = sourcecode.swift; path = AppDelegate.swift; sourceTree = "<group>"; };
		39DB63301D6F925B007A4324 /* ViewController.swift */ = {isa = PBXFileReference; lastKnownFileType = sourcecode.swift; path = ViewController.swift; sourceTree = "<group>"; };
		39DB63331D6F925B007A4324 /* Base */ = {isa = PBXFileReference; lastKnownFileType = file.storyboard; name = Base; path = Base.lproj/Main.storyboard; sourceTree = "<group>"; };
		39DB63351D6F925B007A4324 /* Assets.xcassets */ = {isa = PBXFileReference; lastKnownFileType = folder.assetcatalog; path = Assets.xcassets; sourceTree = "<group>"; };
		39DB63381D6F925B007A4324 /* Base */ = {isa = PBXFileReference; lastKnownFileType = file.storyboard; name = Base; path = Base.lproj/LaunchScreen.storyboard; sourceTree = "<group>"; };
		39DB633A1D6F925B007A4324 /* Info.plist */ = {isa = PBXFileReference; lastKnownFileType = text.plist.xml; path = Info.plist; sourceTree = "<group>"; };
		39DB633F1D6F925B007A4324 /* Pats FirstTests.xctest */ = {isa = PBXFileReference; explicitFileType = wrapper.cfbundle; includeInIndex = 0; path = "Pats FirstTests.xctest"; sourceTree = BUILT_PRODUCTS_DIR; };
		39DB63431D6F925B007A4324 /* Pats_FirstTests.swift */ = {isa = PBXFileReference; lastKnownFileType = sourcecode.swift; path = Pats_FirstTests.swift; sourceTree = "<group>"; };
		39DB63451D6F925B007A4324 /* Info.plist */ = {isa = PBXFileReference; lastKnownFileType = text.plist.xml; path = Info.plist; sourceTree = "<group>"; };
		39DB634A1D6F925B007A4324 /* Pats FirstUITests.xctest */ = {isa = PBXFileReference; explicitFileType = wrapper.cfbundle; includeInIndex = 0; path = "Pats FirstUITests.xctest"; sourceTree = BUILT_PRODUCTS_DIR; };
		39DB634E1D6F925B007A4324 /* Pats_FirstUITests.swift */ = {isa = PBXFileReference; lastKnownFileType = sourcecode.swift; path = Pats_FirstUITests.swift; sourceTree = "<group>"; };
		39DB63501D6F925B007A4324 /* Info.plist */ = {isa = PBXFileReference; lastKnownFileType = text.plist.xml; path = Info.plist; sourceTree = "<group>"; };
/* End PBXFileReference section */

/* Begin PBXFrameworksBuildPhase section */
		39DB63281D6F925B007A4324 /* Frameworks */ = {
			isa = PBXFrameworksBuildPhase;
			buildActionMask = 2147483647;
			files = (
			);
			runOnlyForDeploymentPostprocessing = 0;
		};
		39DB633C1D6F925B007A4324 /* Frameworks */ = {
			isa = PBXFrameworksBuildPhase;
			buildActionMask = 2147483647;
			files = (
			);
			runOnlyForDeploymentPostprocessing = 0;
		};
		39DB63471D6F925B007A4324 /* Frameworks */ = {
			isa = PBXFrameworksBuildPhase;
			buildActionMask = 2147483647;
			files = (
			);
			runOnlyForDeploymentPostprocessing = 0;
		};
/* End PBXFrameworksBuildPhase section */

/* Begin PBXGroup section */
		39DB63221D6F925B007A4324 = {
			isa = PBXGroup;
			children = (
				39DB632D1D6F925B007A4324 /* Pats First */,
				39DB63421D6F925B007A4324 /* Pats FirstTests */,
				39DB634D1D6F925B007A4324 /* Pats FirstUITests */,
				39DB632C1D6F925B007A4324 /* Products */,
			);
			sourceTree = "<group>";
		};
		39DB632C1D6F925B007A4324 /* Products */ = {
			isa = PBXGroup;
			children = (
				39DB632B1D6F925B007A4324 /* Pats First.app */,
				39DB633F1D6F925B007A4324 /* Pats FirstTests.xctest */,
				39DB634A1D6F925B007A4324 /* Pats FirstUITests.xctest */,
			);
			name = Products;
			sourceTree = "<group>";
		};
		39DB632D1D6F925B007A4324 /* Pats First */ = {
			isa = PBXGroup;
			children = (
				39DB632E1D6F925B007A4324 /* AppDelegate.swift */,
				39DB63301D6F925B007A4324 /* ViewController.swift */,
				39DB63321D6F925B007A4324 /* Main.storyboard */,
				39DB63351D6F925B007A4324 /* Assets.xcassets */,
				39DB63371D6F925B007A4324 /* LaunchScreen.storyboard */,
				39DB633A1D6F925B007A4324 /* Info.plist */,
			);
			path = "Pats First";
			sourceTree = "<group>";
		};
		39DB63421D6F925B007A4324 /* Pats FirstTests */ = {
			isa = PBXGroup;
			children = (
				39DB63431D6F925B007A4324 /* Pats_FirstTests.swift */,
				39DB63451D6F925B007A4324 /* Info.plist */,
			);
			path = "Pats FirstTests";
			sourceTree = "<group>";
		};
		39DB634D1D6F925B007A4324 /* Pats FirstUITests */ = {
			isa = PBXGroup;
			children = (
				39DB634E1D6F925B007A4324 /* Pats_FirstUITests.swift */,
				39DB63501D6F925B007A4324 /* Info.plist */,
			);
			path = "Pats FirstUITests";
			sourceTree = "<group>";
		};
/* End PBXGroup section */

/* Begin PBXNativeTarget section */
		39DB632A1D6F925B007A4324 /* Pats First */ = {
			isa = PBXNativeTarget;
			buildConfigurationList = 39DB63531D6F925B007A4324 /* Build configuration list for PBXNativeTarget "Pats First" */;
			buildPhases = (
				39DB63271D6F925B007A4324 /* Sources */,
				39DB63281D6F925B007A4324 /* Frameworks */,
				39DB63291D6F925B007A4324 /* Resources */,
			);
			buildRules = (
			);
			dependencies = (
			);
			name = "Pats First";
			productName = "Pats First";
			productReference = 39DB632B1D6F925B007A4324 /* Pats First.app */;
			productType = "com.apple.product-type.application";
		};
		39DB633E1D6F925B007A4324 /* Pats FirstTests */ = {
			isa = PBXNativeTarget;
			buildConfigurationList = 39DB63561D6F925B007A4324 /* Build configuration list for PBXNativeTarget "Pats FirstTests" */;
			buildPhases = (
				39DB633B1D6F925B007A4324 /* Sources */,
				39DB633C1D6F925B007A4324 /* Frameworks */,
				39DB633D1D6F925B007A4324 /* Resources */,
			);
			buildRules = (
			);
			dependencies = (
				39DB63411D6F925B007A4324 /* PBXTargetDependency */,
			);
			name = "Pats FirstTests";
			productName = "Pats FirstTests";
			productReference = 39DB633F1D6F925B007A4324 /* Pats FirstTests.xctest */;
			productType = "com.apple.product-type.bundle.unit-test";
		};
		39DB63491D6F925B007A4324 /* Pats FirstUITests */ = {
			isa = PBXNativeTarget;
			buildConfigurationList = 39DB63591D6F925B007A4324 /* Build configuration list for PBXNativeTarget "Pats FirstUITests" */;
			buildPhases = (
				39DB63461D6F925B007A4324 /* Sources */,
				39DB63471D6F925B007A4324 /* Frameworks */,
				39DB63481D6F925B007A4324 /* Resources */,
			);
			buildRules = (
			);
			dependencies = (
				39DB634C1D6F925B007A4324 /* PBXTargetDependency */,
			);
			name = "Pats FirstUITests";
			productName = "Pats FirstUITests";
			productReference = 39DB634A1D6F925B007A4324 /* Pats FirstUITests.xctest */;
			productType = "com.apple.product-type.bundle.ui-testing";
		};
/* End PBXNativeTarget section */

/* Begin PBXProject section */
		39DB63231D6F925B007A4324 /* Project object */ = {
			isa = PBXProject;
			attributes = {
				LastSwiftUpdateCheck = 0730;
				LastUpgradeCheck = 0730;
				ORGANIZATIONNAME = "Pat William McNamee";
				TargetAttributes = {
					39DB632A1D6F925B007A4324 = {
						CreatedOnToolsVersion = 7.3.1;
					};
					39DB633E1D6F925B007A4324 = {
						CreatedOnToolsVersion = 7.3.1;
						TestTargetID = 39DB632A1D6F925B007A4324;
					};
					39DB63491D6F925B007A4324 = {
						CreatedOnToolsVersion = 7.3.1;
						TestTargetID = 39DB632A1D6F925B007A4324;
					};
				};
			};
			buildConfigurationList = 39DB63261D6F925B007A4324 /* Build configuration list for PBXProject "Pats First" */;
			compatibilityVersion = "Xcode 3.2";
			developmentRegion = English;
			hasScannedForEncodings = 0;
			knownRegions = (
				en,
				Base,
			);
			mainGroup = 39DB63221D6F925B007A4324;
			productRefGroup = 39DB632C1D6F925B007A4324 /* Products */;
			projectDirPath = "";
			projectRoot = "";
			targets = (
				39DB632A1D6F925B007A4324 /* Pats First */,
				39DB633E1D6F925B007A4324 /* Pats FirstTests */,
				39DB63491D6F925B007A4324 /* Pats FirstUITests */,
			);
		};
/* End PBXProject section */

/* Begin PBXResourcesBuildPhase section */
		39DB63291D6F925B007A4324 /* Resources */ = {
			isa = PBXResourcesBuildPhase;
			buildActionMask = 2147483647;
			files = (
				39DB63391D6F925B007A4324 /* LaunchScreen.storyboard in Resources */,
				39DB63361D6F925B007A4324 /* Assets.xcassets in Resources */,
				39DB63341D6F925B007A4324 /* Main.storyboard in Resources */,
			);
			runOnlyForDeploymentPostprocessing = 0;
		};
		39DB633D1D6F925B007A4324 /* Resources */ = {
			isa = PBXResourcesBuildPhase;
			buildActionMask = 2147483647;
			files = (
			);
			runOnlyForDeploymentPostprocessing = 0;
		};
		39DB63481D6F925B007A4324 /* Resources */ = {
			isa = PBXResourcesBuildPhase;
			buildActionMask = 2147483647;
			files = (
			);
			runOnlyForDeploymentPostprocessing = 0;
		};
/* End PBXResourcesBuildPhase section */

/* Begin PBXSourcesBuildPhase section */
		39DB63271D6F925B007A4324 /* Sources */ = {
			isa = PBXSourcesBuildPhase;
			buildActionMask = 2147483647;
			files = (
				39DB63311D6F925B007A4324 /* ViewController.swift in Sources */,
				39DB632F1D6F925B007A4324 /* AppDelegate.swift in Sources */,
			);
			runOnlyForDeploymentPostprocessing = 0;
		};
		39DB633B1D6F925B007A4324 /* Sources */ = {
			isa = PBXSourcesBuildPhase;
			buildActionMask = 2147483647;
			files = (
				39DB63441D6F925B007A4324 /* Pats_FirstTests.swift in Sources */,
			);
			runOnlyForDeploymentPostprocessing = 0;
		};
		39DB63461D6F925B007A4324 /* Sources */ = {
			isa = PBXSourcesBuildPhase;
			buildActionMask = 2147483647;
			files = (
				39DB634F1D6F925B007A4324 /* Pats_FirstUITests.swift in Sources */,
			);
			runOnlyForDeploymentPostprocessing = 0;
		};
/* End PBXSourcesBuildPhase section */

/* Begin PBXTargetDependency section */
		39DB63411D6F925B007A4324 /* PBXTargetDependency */ = {
			isa = PBXTargetDependency;
			target = 39DB632A1D6F925B007A4324 /* Pats First */;
			targetProxy = 39DB63401D6F925B007A4324 /* PBXContainerItemProxy */;
		};
		39DB634C1D6F925B007A4324 /* PBXTargetDependency */ = {
			isa = PBXTargetDependency;
			target = 39DB632A1D6F925B007A4324 /* Pats First */;
			targetProxy = 39DB634B1D6F925B007A4324 /* PBXContainerItemProxy */;
		};
/* End PBXTargetDependency section */

/* Begin PBXVariantGroup section */
		39DB63321D6F925B007A4324 /* Main.storyboard */ = {
			isa = PBXVariantGroup;
			children = (
				39DB63331D6F925B007A4324 /* Base */,
			);
			name = Main.storyboard;
			sourceTree = "<group>";
		};
		39DB63371D6F925B007A4324 /* LaunchScreen.storyboard */ = {
			isa = PBXVariantGroup;
			children = (
				39DB63381D6F925B007A4324 /* Base */,
			);
			name = LaunchScreen.storyboard;
			sourceTree = "<group>";
		};
/* End PBXVariantGroup section */

/* Begin XCBuildConfiguration section */
		39DB63511D6F925B007A4324 /* Debug */ = {
			isa = XCBuildConfiguration;
			buildSettings = {
				ALWAYS_SEARCH_USER_PATHS = NO;
				CLANG_ANALYZER_NONNULL = YES;
				CLANG_CXX_LANGUAGE_STANDARD = "gnu++0x";
				CLANG_CXX_LIBRARY = "libc++";
				CLANG_ENABLE_MODULES = YES;
				CLANG_ENABLE_OBJC_ARC = YES;
				CLANG_WARN_BOOL_CONVERSION = YES;
				CLANG_WARN_CONSTANT_CONVERSION = YES;
				CLANG_WARN_DIRECT_OBJC_ISA_USAGE = YES_ERROR;
				CLANG_WARN_EMPTY_BODY = YES;
				CLANG_WARN_ENUM_CONVERSION = YES;
				CLANG_WARN_INT_CONVERSION = YES;
				CLANG_WARN_OBJC_ROOT_CLASS = YES_ERROR;
				CLANG_WARN_UNREACHABLE_CODE = YES;
				CLANG_WARN__DUPLICATE_METHOD_MATCH = YES;
				"CODE_SIGN_IDENTITY[sdk=iphoneos*]" = "iPhone Developer";
				COPY_PHASE_STRIP = NO;
				DEBUG_INFORMATION_FORMAT = dwarf;
				ENABLE_STRICT_OBJC_MSGSEND = YES;
				ENABLE_TESTABILITY = YES;
				GCC_C_LANGUAGE_STANDARD = gnu99;
				GCC_DYNAMIC_NO_PIC = NO;
				GCC_NO_COMMON_BLOCKS = YES;
				GCC_OPTIMIZATION_LEVEL = 0;
				GCC_PREPROCESSOR_DEFINITIONS = (
					"DEBUG=1",
					"$(inherited)",
				);
				GCC_WARN_64_TO_32_BIT_CONVERSION = YES;
				GCC_WARN_ABOUT_RETURN_TYPE = YES_ERROR;
				GCC_WARN_UNDECLARED_SELECTOR = YES;
				GCC_WARN_UNINITIALIZED_AUTOS = YES_AGGRESSIVE;
				GCC_WARN_UNUSED_FUNCTION = YES;
				GCC_WARN_UNUSED_VARIABLE = YES;
				IPHONEOS_DEPLOYMENT_TARGET = 9.3;
				MTL_ENABLE_DEBUG_INFO = YES;
				ONLY_ACTIVE_ARCH = YES;
				SDKROOT = iphoneos;
				SWIFT_OPTIMIZATION_LEVEL = "-Onone";
				TARGETED_DEVICE_FAMILY = "1,2";
			};
			name = Debug;
		};
		39DB63521D6F925B007A4324 /* Release */ = {
			isa = XCBuildConfiguration;
			buildSettings = {
				ALWAYS_SEARCH_USER_PATHS = NO;
				CLANG_ANALYZER_NONNULL = YES;
				CLANG_CXX_LANGUAGE_STANDARD = "gnu++0x";
				CLANG_CXX_LIBRARY = "libc++";
				CLANG_ENABLE_MODULES = YES;
				CLANG_ENABLE_OBJC_ARC = YES;
				CLANG_WARN_BOOL_CONVERSION = YES;
				CLANG_WARN_CONSTANT_CONVERSION = YES;
				CLANG_WARN_DIRECT_OBJC_ISA_USAGE = YES_ERROR;
				CLANG_WARN_EMPTY_BODY = YES;
				CLANG_WARN_ENUM_CONVERSION = YES;
				CLANG_WARN_INT_CONVERSION = YES;
				CLANG_WARN_OBJC_ROOT_CLASS = YES_ERROR;
				CLANG_WARN_UNREACHABLE_CODE = YES;
				CLANG_WARN__DUPLICATE_METHOD_MATCH = YES;
				"CODE_SIGN_IDENTITY[sdk=iphoneos*]" = "iPhone Developer";
				COPY_PHASE_STRIP = NO;
				DEBUG_INFORMATION_FORMAT = "dwarf-with-dsym";
				ENABLE_NS_ASSERTIONS = NO;
				ENABLE_STRICT_OBJC_MSGSEND = YES;
				GCC_C_LANGUAGE_STANDARD = gnu99;
				GCC_NO_COMMON_BLOCKS = YES;
				GCC_WARN_64_TO_32_BIT_CONVERSION = YES;
				GCC_WARN_ABOUT_RETURN_TYPE = YES_ERROR;
				GCC_WARN_UNDECLARED_SELECTOR = YES;
				GCC_WARN_UNINITIALIZED_AUTOS = YES_AGGRESSIVE;
				GCC_WARN_UNUSED_FUNCTION = YES;
				GCC_WARN_UNUSED_VARIABLE = YES;
				IPHONEOS_DEPLOYMENT_TARGET = 9.3;
				MTL_ENABLE_DEBUG_INFO = NO;
				SDKROOT = iphoneos;
				TARGETED_DEVICE_FAMILY = "1,2";
				VALIDATE_PRODUCT = YES;
			};
			name = Release;
		};
		39DB63541D6F925B007A4324 /* Debug */ = {
			isa = XCBuildConfiguration;
			buildSettings = {
				ASSETCATALOG_COMPILER_APPICON_NAME = AppIcon;
				INFOPLIST_FILE = "Pats First/Info.plist";
				LD_RUNPATH_SEARCH_PATHS = "$(inherited) @executable_path/Frameworks";
				PRODUCT_BUNDLE_IDENTIFIER = "ff.Pats-First";
				PRODUCT_NAME = "$(TARGET_NAME)";
			};
			name = Debug;
		};
		39DB63551D6F925B007A4324 /* Release */ = {
			isa = XCBuildConfiguration;
			buildSettings = {
				ASSETCATALOG_COMPILER_APPICON_NAME = AppIcon;
				INFOPLIST_FILE = "Pats First/Info.plist";
				LD_RUNPATH_SEARCH_PATHS = "$(inherited) @executable_path/Frameworks";
				PRODUCT_BUNDLE_IDENTIFIER = "ff.Pats-First";
				PRODUCT_NAME = "$(TARGET_NAME)";
			};
			name = Release;
		};
		39DB63571D6F925B007A4324 /* Debug */ = {
			isa = XCBuildConfiguration;
			buildSettings = {
				BUNDLE_LOADER = "$(TEST_HOST)";
				INFOPLIST_FILE = "Pats FirstTests/Info.plist";
				LD_RUNPATH_SEARCH_PATHS = "$(inherited) @executable_path/Frameworks @loader_path/Frameworks";
				PRODUCT_BUNDLE_IDENTIFIER = "ff.Pats-FirstTests";
				PRODUCT_NAME = "$(TARGET_NAME)";
				TEST_HOST = "$(BUILT_PRODUCTS_DIR)/Pats First.app/Pats First";
			};
			name = Debug;
		};
		39DB63581D6F925B007A4324 /* Release */ = {
			isa = XCBuildConfiguration;
			buildSettings = {
				BUNDLE_LOADER = "$(TEST_HOST)";
				INFOPLIST_FILE = "Pats FirstTests/Info.plist";
				LD_RUNPATH_SEARCH_PATHS = "$(inherited) @executable_path/Frameworks @loader_path/Frameworks";
				PRODUCT_BUNDLE_IDENTIFIER = "ff.Pats-FirstTests";
				PRODUCT_NAME = "$(TARGET_NAME)";
				TEST_HOST = "$(BUILT_PRODUCTS_DIR)/Pats First.app/Pats First";
			};
			name = Release;
		};
		39DB635A1D6F925B007A4324 /* Debug */ = {
			isa = XCBuildConfiguration;
			buildSettings = {
				INFOPLIST_FILE = "Pats FirstUITests/Info.plist";
				LD_RUNPATH_SEARCH_PATHS = "$(inherited) @executable_path/Frameworks @loader_path/Frameworks";
				PRODUCT_BUNDLE_IDENTIFIER = "ff.Pats-FirstUITests";
				PRODUCT_NAME = "$(TARGET_NAME)";
				TEST_TARGET_NAME = "Pats First";
			};
			name = Debug;
		};
		39DB635B1D6F925B007A4324 /* Release */ = {
			isa = XCBuildConfiguration;
			buildSettings = {
				INFOPLIST_FILE = "Pats FirstUITests/Info.plist";
				LD_RUNPATH_SEARCH_PATHS = "$(inherited) @executable_path/Frameworks @loader_path/Frameworks";
				PRODUCT_BUNDLE_IDENTIFIER = "ff.Pats-FirstUITests";
				PRODUCT_NAME = "$(TARGET_NAME)";
				TEST_TARGET_NAME = "Pats First";
			};
			name = Release;
		};
/* End XCBuildConfiguration section */

/* Begin XCConfigurationList section */
		39DB63261D6F925B007A4324 /* Build configuration list for PBXProject "Pats First" */ = {
			isa = XCConfigurationList;
			buildConfigurations = (
				39DB63511D6F925B007A4324 /* Debug */,
				39DB63521D6F925B007A4324 /* Release */,
			);
			defaultConfigurationIsVisible = 0;
			defaultConfigurationName = Release;
		};
		39DB63531D6F925B007A4324 /* Build configuration list for PBXNativeTarget "Pats First" */ = {
			isa = XCConfigurationList;
			buildConfigurations = (
				39DB63541D6F925B007A4324 /* Debug */,
				39DB63551D6F925B007A4324 /* Release */,
			);
			defaultConfigurationIsVisible = 0;
		};
		39DB63561D6F925B007A4324 /* Build configuration list for PBXNativeTarget "Pats FirstTests" */ = {
			isa = XCConfigurationList;
			buildConfigurations = (
				39DB63571D6F925B007A4324 /* Debug */,
				39DB63581D6F925B007A4324 /* Release */,
			);
			defaultConfigurationIsVisible = 0;
		};
		39DB63591D6F925B007A4324 /* Build configuration list for PBXNativeTarget "Pats FirstUITests" */ = {
			isa = XCConfigurationList;
			buildConfigurations = (
				39DB635A1D6F925B007A4324 /* Debug */,
				39DB635B1D6F925B007A4324 /* Release */,
			);
			defaultConfigurationIsVisible = 0;
		};
/* End XCConfigurationList section */
	};
	rootObject = 39DB63231D6F925B007A4324 /* Project object */;
}
